github.com/klauspost/compress v1.20.1 h1:T7kKElXUMXrUJ2E9QhQhxFtcK5rPyLdsGZvdbLMPdiQ=
github.com/klauspost/compress v1.20.1/go.mod h1:LUdAzn7YLVvxLpc7y3V1m40wESHTgc1422pwwBSKYuI=
github.com/klauspost/pgzip v1.2.7 h1:02QB3Ttao6zOWDnSsv3bIvjN24bX0eGjWniQ8vuBfkA=
github.com/klauspost/pgzip v1.2.7/go.mod h1:g7E6NrOKHOzah4QwK6Ue1tNCJs8IDiNOfjiXTr85U2E=
